
Microsoft Visual Studio Solution File, Format Version 12.00
# Visual Studio Version 17
VisualStudioVersion = 17.11.35303.130
MinimumVisualStudioVersion = 10.0.40219.1
Project("{FAE04EC0-301F-11D3-BF4B-00C04F79EFBC}") = "Ramas en VisualStudio-Github", "Ramas en VisualStudio-Github\Ramas en VisualStudio-Github.csproj", "{3116C588-DF36-4774-862E-B78BF8CD146F}"
EndProject
Global
	GlobalSection(SolutionConfigurationPlatforms) = preSolution
		Debug|Any CPU = Debug|Any CPU
		Release|Any CPU = Release|Any CPU
	EndGlobalSection
	GlobalSection(ProjectConfigurationPlatforms) = postSolution
		{3116C588-DF36-4774-862E-B78BF8CD146F}.Debug|Any CPU.ActiveCfg = Debug|Any CPU
		{3116C588-DF36-4774-862E-B78BF8CD146F}.Debug|Any CPU.Build.0 = Debug|Any CPU
		{3116C588-DF36-4774-862E-B78BF8CD146F}.Release|Any CPU.ActiveCfg = Release|Any CPU
		{3116C588-DF36-4774-862E-B78BF8CD146F}.Release|Any CPU.Build.0 = Release|Any CPU
	EndGlobalSection
	GlobalSection(SolutionProperties) = preSolution
		HideSolutionNode = FALSE
	EndGlobalSection
	GlobalSection(ExtensibilityGlobals) = postSolution
		SolutionGuid = {16448F8B-2717-4347-A709-E4F70A6B3659}
	EndGlobalSection
EndGlobal
